
Microsoft Visual Studio Solution File, Format Version 12.00
# Visual Studio Version 17
VisualStudioVersion = 17.14.36221.1 d17.14
MinimumVisualStudioVersion = 10.0.40219.1
Project("{FAE04EC0-301F-11D3-BF4B-00C04F79EFBC}") = "SampleWpf", "SampleWpf\SampleWpf.csproj", "{C77F997E-23EA-417A-A7D6-C09A0465C41D}"
EndProject
Global
	GlobalSection(SolutionConfigurationPlatforms) = preSolution
		Debug|Any CPU = Debug|Any CPU
		Release|Any CPU = Release|Any CPU
	EndGlobalSection
	GlobalSection(ProjectConfigurationPlatforms) = postSolution
		{C77F997E-23EA-417A-A7D6-C09A0465C41D}.Debug|Any CPU.ActiveCfg = Debug|Any CPU
		{C77F997E-23EA-417A-A7D6-C09A0465C41D}.Debug|Any CPU.Build.0 = Debug|Any CPU
		{C77F997E-23EA-417A-A7D6-C09A0465C41D}.Release|Any CPU.ActiveCfg = Release|Any CPU
		{C77F997E-23EA-417A-A7D6-C09A0465C41D}.Release|Any CPU.Build.0 = Release|Any CPU
	EndGlobalSection
	GlobalSection(SolutionProperties) = preSolution
		HideSolutionNode = FALSE
	EndGlobalSection
	GlobalSection(ExtensibilityGlobals) = postSolution
		SolutionGuid = {21113804-E3B6-444A-BFB4-CE6ED72B2EA2}
	EndGlobalSection
EndGlobal
